
Microsoft Visual Studio Solution File, Format Version 12.00
# Visual Studio Version 16
VisualStudioVersion = 16.0.32802.440
MinimumVisualStudioVersion = 10.0.40219.1
Project("{FAE04EC0-301F-11D3-BF4B-00C04F79EFBC}") = "Store_Online.Core", "Store_Online.Core\Store_Online.Core.csproj", "{5107C6B3-16F9-459F-A9F4-CC59AF64C683}"
EndProject
Project("{FAE04EC0-301F-11D3-BF4B-00C04F79EFBC}") = "Store_Online.DataAcces.SQL", "Store_Online.DataAcces.SQL\Store_Online.DataAcces.SQL.csproj", "{11DF7A27-1F7D-4153-98D6-21FA3D121E0C}"
EndProject
Project("{FAE04EC0-301F-11D3-BF4B-00C04F79EFBC}") = "Store_Online.DataAccess.Inmemory", "Store_Online.DataAccess.Inmemory\Store_Online.DataAccess.Inmemory.csproj", "{90A6C876-644B-4981-8226-69674713FEBC}"
EndProject
Project("{FAE04EC0-301F-11D3-BF4B-00C04F79EFBC}") = "Store_Online.Services", "Store_Online.Services\Store_Online.Services.csproj", "{B8E90E43-336E-49F6-BEA8-9AEBF02B9CDB}"
EndProject
Project("{FAE04EC0-301F-11D3-BF4B-00C04F79EFBC}") = "Store_Online.UI", "Store_Online.UI\Store_Online.UI.csproj", "{DA559E06-D7A5-49A0-90B6-58FCADFC58A3}"
EndProject
Project("{FAE04EC0-301F-11D3-BF4B-00C04F79EFBC}") = "Store_Online.UI.Tests", "Store_Online.UI.Tests\Store_Online.UI.Tests.csproj", "{1F55AF90-B107-474E-871A-21D398B2B37E}"
EndProject
Global
	GlobalSection(SolutionConfigurationPlatforms) = preSolution
		Debug|Any CPU = Debug|Any CPU
		Release|Any CPU = Release|Any CPU
	EndGlobalSection
	GlobalSection(ProjectConfigurationPlatforms) = postSolution
		{5107C6B3-16F9-459F-A9F4-CC59AF64C683}.Debug|Any CPU.ActiveCfg = Debug|Any CPU
		{5107C6B3-16F9-459F-A9F4-CC59AF64C683}.Debug|Any CPU.Build.0 = Debug|Any CPU
		{5107C6B3-16F9-459F-A9F4-CC59AF64C683}.Release|Any CPU.ActiveCfg = Release|Any CPU
		{5107C6B3-16F9-459F-A9F4-CC59AF64C683}.Release|Any CPU.Build.0 = Release|Any CPU
		{11DF7A27-1F7D-4153-98D6-21FA3D121E0C}.Debug|Any CPU.ActiveCfg = Debug|Any CPU
		{11DF7A27-1F7D-4153-98D6-21FA3D121E0C}.Debug|Any CPU.Build.0 = Debug|Any CPU
		{11DF7A27-1F7D-4153-98D6-21FA3D121E0C}.Release|Any CPU.ActiveCfg = Release|Any CPU
		{11DF7A27-1F7D-4153-98D6-21FA3D121E0C}.Release|Any CPU.Build.0 = Release|Any CPU
		{90A6C876-644B-4981-8226-69674713FEBC}.Debug|Any CPU.ActiveCfg = Debug|Any CPU
		{90A6C876-644B-4981-8226-69674713FEBC}.Debug|Any CPU.Build.0 = Debug|Any CPU
		{90A6C876-644B-4981-8226-69674713FEBC}.Release|Any CPU.ActiveCfg = Release|Any CPU
		{90A6C876-644B-4981-8226-69674713FEBC}.Release|Any CPU.Build.0 = Release|Any CPU
		{B8E90E43-336E-49F6-BEA8-9AEBF02B9CDB}.Debug|Any CPU.ActiveCfg = Debug|Any CPU
		{B8E90E43-336E-49F6-BEA8-9AEBF02B9CDB}.Debug|Any CPU.Build.0 = Debug|Any CPU
		{B8E90E43-336E-49F6-BEA8-9AEBF02B9CDB}.Release|Any CPU.ActiveCfg = Release|Any CPU
		{B8E90E43-336E-49F6-BEA8-9AEBF02B9CDB}.Release|Any CPU.Build.0 = Release|Any CPU
		{DA559E06-D7A5-49A0-90B6-58FCADFC58A3}.Debug|Any CPU.ActiveCfg = Debug|Any CPU
		{DA559E06-D7A5-49A0-90B6-58FCADFC58A3}.Debug|Any CPU.Build.0 = Debug|Any CPU
		{DA559E06-D7A5-49A0-90B6-58FCADFC58A3}.Release|Any CPU.ActiveCfg = Release|Any CPU
		{DA559E06-D7A5-49A0-90B6-58FCADFC58A3}.Release|Any CPU.Build.0 = Release|Any CPU
		{1F55AF90-B107-474E-871A-21D398B2B37E}.Debug|Any CPU.ActiveCfg = Debug|Any CPU
		{1F55AF90-B107-474E-871A-21D398B2B37E}.Debug|Any CPU.Build.0 = Debug|Any CPU
		{1F55AF90-B107-474E-871A-21D398B2B37E}.Release|Any CPU.ActiveCfg = Release|Any CPU
		{1F55AF90-B107-474E-871A-21D398B2B37E}.Release|Any CPU.Build.0 = Release|Any CPU
	EndGlobalSection
	GlobalSection(SolutionProperties) = preSolution
		HideSolutionNode = FALSE
	EndGlobalSection
	GlobalSection(ExtensibilityGlobals) = postSolution
		SolutionGuid = {F8619F2A-B4D3-438B-BBA9-468591DDE6CF}
	EndGlobalSection
EndGlobal
